<?xml version="1.0" encoding="utf-8"?>
<Project ToolsVersion="4.0" xmlns="http://schemas.microsoft.com/developer/msbuild/2003">
  <ItemGroup>
    <Filter Include="Source Files">
      <UniqueIdentifier>{4FC737F1-C7A5-4376-A066-2A32D752A2FF}</UniqueIdentifier>
      <Extensions>cpp;c;cc;cxx;def;odl;idl;hpj;bat;asm;asmx</Extensions>
    </Filter>
    <Filter Include="Header Files">
      <UniqueIdentifier>{93995380-89BD-4b04-88EB-625FBE52EBFB}</UniqueIdentifier>
      <Extensions>h;hh;hpp;hxx;hm;inl;inc;ipp;xsd</Extensions>
    </Filter>
    <Filter Include="Resource Files">
      <UniqueIdentifier>{67DA6AB6-F800-4c08-8B7A-83BB121AAD01}</UniqueIdentifier>
      <Extensions>rc;ico;cur;bmp;dlg;rc2;rct;bin;rgs;gif;jpg;jpeg;jpe;resx;tiff;tif;png;wav;mfcribbon-ms</Extensions>
    </Filter>
    <Filter Include="Source Files\Window">
      <UniqueIdentifier>{88f137b7-2d75-4d9d-8104-bc3793c6e805}</UniqueIdentifier>
    </Filter>
    <Filter Include="Source Files\Context">
      <UniqueIdentifier>{31bde039-9548-4eb1-b442-b967c2dd8a96}</UniqueIdentifier>
    </Filter>
    <Filter Include="Source Files\Debug">
      <UniqueIdentifier>{92e1e0e6-b698-4386-8432-6f5ddbeb6ca0}</UniqueIdentifier>
    </Filter>
    <Filter Include="Source Files\Pipeline">
      <UniqueIdentifier>{e587c817-5346-4855-90d4-4dbc9c77013a}</UniqueIdentifier>
    </Filter>
    <Filter Include="Source Files\VertexBuffer">
      <UniqueIdentifier>{38b79d4f-a6be-445f-beb3-033a4163e46e}</UniqueIdentifier>
    </Filter>
    <Filter Include="Source Files\Swapchain">
      <UniqueIdentifier>{82a83c7d-e694-4185-bcbd-ff0863330f26}</UniqueIdentifier>
    </Filter>
    <Filter Include="Source Files\Util">
      <UniqueIdentifier>{0d6afa53-9500-4846-ae42-6bd71e393e90}</UniqueIdentifier>
    </Filter>
    <Filter Include="Source Files\Callback">
      <UniqueIdentifier>{634c900b-d9ad-4c83-8e02-159ad37f1aeb}</UniqueIdentifier>
    </Filter>
  </ItemGroup>
  <ItemGroup>
    <ClCompile Include="main.cpp">
      <Filter>Source Files</Filter>
    </ClCompile>
    <ClCompile Include="Window.cpp">
      <Filter>Source Files\Window</Filter>
    </ClCompile>
    <ClCompile Include="Context.cpp">
      <Filter>Source Files\Context</Filter>
    </ClCompile>
    <ClCompile Include="Debug.cpp">
      <Filter>Source Files\Debug</Filter>
    </ClCompile>
    <ClCompile Include="Pipeline.cpp">
      <Filter>Source Files\Pipeline</Filter>
    </ClCompile>
    <ClCompile Include="Util.cpp">
      <Filter>Source Files\Util</Filter>
    </ClCompile>
    <ClCompile Include="VertexBuffer.cpp">
      <Filter>Source Files\VertexBuffer</Filter>
    </ClCompile>
    <ClCompile Include="Swapchain.cpp">
      <Filter>Source Files\Swapchain</Filter>
    </ClCompile>
    <ClCompile Include="WndCallbacks.cpp">
      <Filter>Source Files\Callback</Filter>
    </ClCompile>
  </ItemGroup>
  <ItemGroup>
    <ClInclude Include="Window.h">
      <Filter>Source Files\Window</Filter>
    </ClInclude>
    <ClInclude Include="Structs.h">
      <Filter>Source Files\Util</Filter>
    </ClInclude>
    <ClInclude Include="Globals.h">
      <Filter>Source Files\Util</Filter>
    </ClInclude>
    <ClInclude Include="Context.h">
      <Filter>Source Files\Context</Filter>
    </ClInclude>
    <ClInclude Include="Debug.h">
      <Filter>Source Files\Debug</Filter>
    </ClInclude>
    <ClInclude Include="Pipeline.h">
      <Filter>Source Files\Pipeline</Filter>
    </ClInclude>
    <ClInclude Include="VulkanStructs.h">
      <Filter>Source Files\Util</Filter>
    </ClInclude>
    <ClInclude Include="Util.h">
      <Filter>Source Files\Util</Filter>
    </ClInclude>
    <ClInclude Include="VertexBuffer.h">
      <Filter>Source Files\VertexBuffer</Filter>
    </ClInclude>
    <ClInclude Include="Swapchain.h">
      <Filter>Source Files\Swapchain</Filter>
    </ClInclude>
    <ClInclude Include="Callback.h">
      <Filter>Source Files\Callback</Filter>
    </ClInclude>
    <ClInclude Include="WndCallbacks.h">
      <Filter>Source Files\Callback</Filter>
    </ClInclude>
    <ClInclude Include="Callbacks.h">
      <Filter>Source Files\Callback</Filter>
    </ClInclude>
  </ItemGroup>
  <ItemGroup>
    <None Include="WndCallbacks.inl">
      <Filter>Source Files\Callback</Filter>
    </None>
  </ItemGroup>
  <ItemGroup>
    <Text Include="Todo.inl">
      <Filter>Source Files</Filter>
    </Text>
  </ItemGroup>
</Project>