<?xml version="1.0" encoding="utf-8"?>
<Project ToolsVersion="4.0" xmlns="http://schemas.microsoft.com/developer/msbuild/2003">
  <ItemGroup>
    <Filter Include="src">
      <UniqueIdentifier>{ad47371d-9a90-4aa1-8e87-ee3e40644e00}</UniqueIdentifier>
    </Filter>
    <Filter Include="resources">
      <UniqueIdentifier>{a863c5d1-f1ec-4642-972f-abc098243014}</UniqueIdentifier>
    </Filter>
    <Filter Include="src\util">
      <UniqueIdentifier>{d6a31dfe-377f-4d90-baf7-3105d710a57f}</UniqueIdentifier>
    </Filter>
    <Filter Include="src\render">
      <UniqueIdentifier>{2e124215-3e86-4177-9480-bcc8eeb38ba7}</UniqueIdentifier>
    </Filter>
    <Filter Include="src\window">
      <UniqueIdentifier>{e4c94810-aeab-470a-9bb4-8a28df96a164}</UniqueIdentifier>
    </Filter>
    <Filter Include="src\debug">
      <UniqueIdentifier>{0ab40c84-859d-4fa0-8ae1-3dd58f835b84}</UniqueIdentifier>
    </Filter>
    <Filter Include="src\render\vertex">
      <UniqueIdentifier>{0315aaee-2a62-4d6c-9226-fe591c2feb56}</UniqueIdentifier>
    </Filter>
    <Filter Include="src\render\pipeline">
      <UniqueIdentifier>{d155d36a-c275-4cd7-a672-c1f85ce5c804}</UniqueIdentifier>
    </Filter>
    <Filter Include="src\render\swapchain">
      <UniqueIdentifier>{e4080816-6340-4ba8-b3e4-be4d12a65ec4}</UniqueIdentifier>
    </Filter>
    <Filter Include="src\render\context">
      <UniqueIdentifier>{54c0cecf-db23-44ea-b5dd-1464d2363a9b}</UniqueIdentifier>
    </Filter>
  </ItemGroup>
  <ItemGroup>
    <ClInclude Include="callback.hpp">
      <Filter>src\window</Filter>
    </ClInclude>
    <ClInclude Include="callbacks.hpp">
      <Filter>src\window</Filter>
    </ClInclude>
    <ClInclude Include="window_call.hpp">
      <Filter>src\window</Filter>
    </ClInclude>
    <ClInclude Include="window.hpp">
      <Filter>src\window</Filter>
    </ClInclude>
    <ClInclude Include="logger.hpp">
      <Filter>src\debug</Filter>
    </ClInclude>
    <ClInclude Include="globals.hpp">
      <Filter>src\util</Filter>
    </ClInclude>
    <ClInclude Include="structs.hpp">
      <Filter>src\util</Filter>
    </ClInclude>
    <ClInclude Include="util.hpp">
      <Filter>src\util</Filter>
    </ClInclude>
    <ClInclude Include="vulkan_structs.hpp">
      <Filter>src\util</Filter>
    </ClInclude>
    <ClInclude Include="vertex_buffer.hpp">
      <Filter>src\render\vertex</Filter>
    </ClInclude>
    <ClInclude Include="vertex.hpp">
      <Filter>src\render\vertex</Filter>
    </ClInclude>
    <ClInclude Include="context.hpp">
      <Filter>src\render\context</Filter>
    </ClInclude>
    <ClInclude Include="pipeline.hpp">
      <Filter>src\render\pipeline</Filter>
    </ClInclude>
    <ClInclude Include="swapchain.hpp">
      <Filter>src\render\swapchain</Filter>
    </ClInclude>
    <ClInclude Include="debugger.hpp">
      <Filter>src\debug</Filter>
    </ClInclude>
    <ClInclude Include="buffer.h">
      <Filter>src\render\vertex</Filter>
    </ClInclude>
  </ItemGroup>
  <ItemGroup>
    <None Include="window_call.inl">
      <Filter>src\window</Filter>
    </None>
    <None Include="todo.inl">
      <Filter>src</Filter>
    </None>
  </ItemGroup>
  <ItemGroup>
    <ClCompile Include="window_call.cpp">
      <Filter>src\window</Filter>
    </ClCompile>
    <ClCompile Include="window.cpp">
      <Filter>src\window</Filter>
    </ClCompile>
    <ClCompile Include="logger.cpp">
      <Filter>src\debug</Filter>
    </ClCompile>
    <ClCompile Include="util.cpp">
      <Filter>src\util</Filter>
    </ClCompile>
    <ClCompile Include="vertex_buffer.cpp">
      <Filter>src\render\vertex</Filter>
    </ClCompile>
    <ClCompile Include="vertex.cpp">
      <Filter>src\render\vertex</Filter>
    </ClCompile>
    <ClCompile Include="main.cpp">
      <Filter>src</Filter>
    </ClCompile>
    <ClCompile Include="context.cpp">
      <Filter>src\render\context</Filter>
    </ClCompile>
    <ClCompile Include="pipeline.cpp">
      <Filter>src\render\pipeline</Filter>
    </ClCompile>
    <ClCompile Include="swapchain.cpp">
      <Filter>src\render\swapchain</Filter>
    </ClCompile>
    <ClCompile Include="debugger.cpp">
      <Filter>src\debug</Filter>
    </ClCompile>
    <ClCompile Include="buffer.cpp">
      <Filter>src\render\vertex</Filter>
    </ClCompile>
  </ItemGroup>
</Project>