<?xml version="1.0" encoding="utf-8"?>
<Project ToolsVersion="4.0" xmlns="http://schemas.microsoft.com/developer/msbuild/2003">
  <ItemGroup>
    <Filter Include="src">
      <UniqueIdentifier>{ad47371d-9a90-4aa1-8e87-ee3e40644e00}</UniqueIdentifier>
    </Filter>
    <Filter Include="resources">
      <UniqueIdentifier>{a863c5d1-f1ec-4642-972f-abc098243014}</UniqueIdentifier>
    </Filter>
  </ItemGroup>
  <ItemGroup>
    <ClInclude Include="callback.hpp">
      <Filter>src</Filter>
    </ClInclude>
    <ClInclude Include="callbacks.hpp">
      <Filter>src</Filter>
    </ClInclude>
    <ClInclude Include="context.hpp">
      <Filter>src</Filter>
    </ClInclude>
    <ClInclude Include="debug.hpp">
      <Filter>src</Filter>
    </ClInclude>
    <ClInclude Include="debugger.hpp">
      <Filter>src</Filter>
    </ClInclude>
    <ClInclude Include="globals.hpp">
      <Filter>src</Filter>
    </ClInclude>
    <ClInclude Include="logger.hpp">
      <Filter>src</Filter>
    </ClInclude>
    <ClInclude Include="pipeline.hpp">
      <Filter>src</Filter>
    </ClInclude>
    <ClInclude Include="structs.hpp">
      <Filter>src</Filter>
    </ClInclude>
    <ClInclude Include="swapchain.hpp">
      <Filter>src</Filter>
    </ClInclude>
    <ClInclude Include="util.hpp">
      <Filter>src</Filter>
    </ClInclude>
    <ClInclude Include="vertex_buffer.hpp">
      <Filter>src</Filter>
    </ClInclude>
    <ClInclude Include="vulkan_structs.hpp">
      <Filter>src</Filter>
    </ClInclude>
    <ClInclude Include="window.hpp">
      <Filter>src</Filter>
    </ClInclude>
    <ClInclude Include="window_call.hpp">
      <Filter>src</Filter>
    </ClInclude>
  </ItemGroup>
  <ItemGroup>
    <None Include="todo.inl">
      <Filter>src</Filter>
    </None>
    <None Include="window_call.inl">
      <Filter>src</Filter>
    </None>
  </ItemGroup>
  <ItemGroup>
    <ClCompile Include="context.cpp">
      <Filter>src</Filter>
    </ClCompile>
    <ClCompile Include="debugger.cpp">
      <Filter>src</Filter>
    </ClCompile>
    <ClCompile Include="logger.cpp">
      <Filter>src</Filter>
    </ClCompile>
    <ClCompile Include="main.cpp">
      <Filter>src</Filter>
    </ClCompile>
    <ClCompile Include="pipeline.cpp">
      <Filter>src</Filter>
    </ClCompile>
    <ClCompile Include="swapchain.cpp">
      <Filter>src</Filter>
    </ClCompile>
    <ClCompile Include="util.cpp">
      <Filter>src</Filter>
    </ClCompile>
    <ClCompile Include="vertex_buffer.cpp">
      <Filter>src</Filter>
    </ClCompile>
    <ClCompile Include="window.cpp">
      <Filter>src</Filter>
    </ClCompile>
    <ClCompile Include="window_call.cpp">
      <Filter>src</Filter>
    </ClCompile>
  </ItemGroup>
</Project>