<?xml version="1.0" encoding="utf-8"?>
<Project ToolsVersion="4.0" xmlns="http://schemas.microsoft.com/developer/msbuild/2003">
  <ItemGroup>
    <Filter Include="src">
      <UniqueIdentifier>{ad47371d-9a90-4aa1-8e87-ee3e40644e00}</UniqueIdentifier>
    </Filter>
    <Filter Include="resources">
      <UniqueIdentifier>{a863c5d1-f1ec-4642-972f-abc098243014}</UniqueIdentifier>
    </Filter>
    <Filter Include="src\main">
      <UniqueIdentifier>{9d908a17-0009-4707-af94-468ebc6abec9}</UniqueIdentifier>
    </Filter>
    <Filter Include="src\util">
      <UniqueIdentifier>{d6a31dfe-377f-4d90-baf7-3105d710a57f}</UniqueIdentifier>
    </Filter>
    <Filter Include="src\render">
      <UniqueIdentifier>{2e124215-3e86-4177-9480-bcc8eeb38ba7}</UniqueIdentifier>
    </Filter>
    <Filter Include="src\window">
      <UniqueIdentifier>{e4c94810-aeab-470a-9bb4-8a28df96a164}</UniqueIdentifier>
    </Filter>
    <Filter Include="src\debug">
      <UniqueIdentifier>{0ab40c84-859d-4fa0-8ae1-3dd58f835b84}</UniqueIdentifier>
    </Filter>
  </ItemGroup>
  <ItemGroup>
    <ClInclude Include="callback.hpp">
      <Filter>src\window</Filter>
    </ClInclude>
    <ClInclude Include="callbacks.hpp">
      <Filter>src\window</Filter>
    </ClInclude>
    <ClInclude Include="window_call.hpp">
      <Filter>src\window</Filter>
    </ClInclude>
    <ClInclude Include="window.hpp">
      <Filter>src\window</Filter>
    </ClInclude>
    <ClInclude Include="vertex_buffer.hpp">
      <Filter>src\render</Filter>
    </ClInclude>
    <ClInclude Include="swapchain.hpp">
      <Filter>src\render</Filter>
    </ClInclude>
    <ClInclude Include="pipeline.hpp">
      <Filter>src\render</Filter>
    </ClInclude>
    <ClInclude Include="context.hpp">
      <Filter>src\render</Filter>
    </ClInclude>
    <ClInclude Include="debug.hpp">
      <Filter>src\debug</Filter>
    </ClInclude>
    <ClInclude Include="debugger.hpp">
      <Filter>src\debug</Filter>
    </ClInclude>
    <ClInclude Include="logger.hpp">
      <Filter>src\debug</Filter>
    </ClInclude>
    <ClInclude Include="globals.hpp">
      <Filter>src\util</Filter>
    </ClInclude>
    <ClInclude Include="structs.hpp">
      <Filter>src\util</Filter>
    </ClInclude>
    <ClInclude Include="util.hpp">
      <Filter>src\util</Filter>
    </ClInclude>
    <ClInclude Include="vulkan_structs.hpp">
      <Filter>src\util</Filter>
    </ClInclude>
  </ItemGroup>
  <ItemGroup>
    <None Include="window_call.inl">
      <Filter>src\window</Filter>
    </None>
    <None Include="todo.inl">
      <Filter>src\util</Filter>
    </None>
  </ItemGroup>
  <ItemGroup>
    <ClCompile Include="main.cpp">
      <Filter>src\main</Filter>
    </ClCompile>
    <ClCompile Include="window_call.cpp">
      <Filter>src\window</Filter>
    </ClCompile>
    <ClCompile Include="window.cpp">
      <Filter>src\window</Filter>
    </ClCompile>
    <ClCompile Include="vertex_buffer.cpp">
      <Filter>src\render</Filter>
    </ClCompile>
    <ClCompile Include="swapchain.cpp">
      <Filter>src\render</Filter>
    </ClCompile>
    <ClCompile Include="pipeline.cpp">
      <Filter>src\render</Filter>
    </ClCompile>
    <ClCompile Include="context.cpp">
      <Filter>src\render</Filter>
    </ClCompile>
    <ClCompile Include="debugger.cpp">
      <Filter>src\debug</Filter>
    </ClCompile>
    <ClCompile Include="logger.cpp">
      <Filter>src\debug</Filter>
    </ClCompile>
    <ClCompile Include="util.cpp">
      <Filter>src\util</Filter>
    </ClCompile>
  </ItemGroup>
</Project>